
Microsoft Visual Studio Solution File, Format Version 12.00
# Visual Studio 15
VisualStudioVersion = 15.0.28010.2036
MinimumVisualStudioVersion = 10.0.40219.1
Project("{8BC9CEB8-8B4A-11D0-8D11-00A0C91BC942}") = "2.23", "2.23\2.23.vcxproj", "{4699B3CE-4913-4E05-861D-EDCBC8BBE703}"
EndProject
Global
	GlobalSection(SolutionConfigurationPlatforms) = preSolution
		Debug|x64 = Debug|x64
		Debug|x86 = Debug|x86
		Release|x64 = Release|x64
		Release|x86 = Release|x86
	EndGlobalSection
	GlobalSection(ProjectConfigurationPlatforms) = postSolution
		{4699B3CE-4913-4E05-861D-EDCBC8BBE703}.Debug|x64.ActiveCfg = Debug|x64
		{4699B3CE-4913-4E05-861D-EDCBC8BBE703}.Debug|x64.Build.0 = Debug|x64
		{4699B3CE-4913-4E05-861D-EDCBC8BBE703}.Debug|x86.ActiveCfg = Debug|Win32
		{4699B3CE-4913-4E05-861D-EDCBC8BBE703}.Debug|x86.Build.0 = Debug|Win32
		{4699B3CE-4913-4E05-861D-EDCBC8BBE703}.Release|x64.ActiveCfg = Release|x64
		{4699B3CE-4913-4E05-861D-EDCBC8BBE703}.Release|x64.Build.0 = Release|x64
		{4699B3CE-4913-4E05-861D-EDCBC8BBE703}.Release|x86.ActiveCfg = Release|Win32
		{4699B3CE-4913-4E05-861D-EDCBC8BBE703}.Release|x86.Build.0 = Release|Win32
	EndGlobalSection
	GlobalSection(SolutionProperties) = preSolution
		HideSolutionNode = FALSE
	EndGlobalSection
	GlobalSection(ExtensibilityGlobals) = postSolution
		SolutionGuid = {17B2469F-7703-411F-8B9F-967F28ED332A}
	EndGlobalSection
EndGlobal
